github.com/DavidGamba/dgtools/run v0.7.0 h1:ENTskNQvBM1/n/b42PxqJktU9EzQVqPZRGUBtVdEVdE=
github.com/DavidGamba/dgtools/run v0.7.0/go.mod h1:3P1fMJupTWqsiE8IXsXrk2HtgkZBTCFRLbaTjRlmDe0=
github.com/DavidGamba/go-getoptions v0.27.0 h1:hldKJSwO9SwvR+z9pe6ojhEcYECrRiO/bar9B7MnBKA=
github.com/DavidGamba/go-getoptions v0.27.0/go.mod h1:qLaLSYeQ8sUVOfKuu5JT5qKKS3OCwyhkYSJnoG+ggmo=
github.com/davecgh/go-spew v1.1.1 h1:vj9j/u1bqnvCEfJOwUhtlOARqs3+rkHYY13jYWTU97c=
github.com/logrusorgru/aurora/v4 v4.0.0 h1:sRjfPpun/63iADiSvGGjgA1cAYegEWMPCJdUpJYn9JA=
github.com/logrusorgru/aurora/v4 v4.0.0/go.mod h1:lP0iIa2nrnT/qoFXcOZSrZQpJ1o6n2CUf/hyHi2Q4ZQ=
github.com/pmezard/go-difflib v1.0.0 h1:4DBwDE0NGyQoBHbLQYPwSUPoCMWR5BEzIk/f1lZbAQM=
github.com/stretchr/testify v1.8.0 h1:pSgiaMZlXftHpm5L7V1+rVB+AZJydKsMxsQBIJw4PKk=
gopkg.in/yaml.v3 v3.0.1 h1:fxVm/GzAzEWqLHuvctI91KS9hhNmmWOoWu0XTYJS7CA=
